
Microsoft Visual Studio Solution File, Format Version 12.00
# Visual Studio Version 17
VisualStudioVersion = 17.6.33829.357
MinimumVisualStudioVersion = 10.0.40219.1
Project("{FAE04EC0-301F-11D3-BF4B-00C04F79EFBC}") = "MVC_Basic_Example", "MVC_Basic_Example.csproj", "{8703A729-CFB0-4861-A0E5-966C49264BB6}"
EndProject
Global
	GlobalSection(SolutionConfigurationPlatforms) = preSolution
		Debug|Any CPU = Debug|Any CPU
		Release|Any CPU = Release|Any CPU
	EndGlobalSection
	GlobalSection(ProjectConfigurationPlatforms) = postSolution
		{8703A729-CFB0-4861-A0E5-966C49264BB6}.Debug|Any CPU.ActiveCfg = Debug|Any CPU
		{8703A729-CFB0-4861-A0E5-966C49264BB6}.Debug|Any CPU.Build.0 = Debug|Any CPU
		{8703A729-CFB0-4861-A0E5-966C49264BB6}.Release|Any CPU.ActiveCfg = Release|Any CPU
		{8703A729-CFB0-4861-A0E5-966C49264BB6}.Release|Any CPU.Build.0 = Release|Any CPU
	EndGlobalSection
	GlobalSection(SolutionProperties) = preSolution
		HideSolutionNode = FALSE
	EndGlobalSection
	GlobalSection(ExtensibilityGlobals) = postSolution
		SolutionGuid = {40316BD8-3EA3-4F64-9525-244B3D9BB1AB}
	EndGlobalSection
EndGlobal
